<?xml version="1.0" encoding="utf-8"?>
<Project ToolsVersion="4.0" xmlns="http://schemas.microsoft.com/developer/msbuild/2003">
  <ItemGroup>
    <Filter Include="Source Files">
      <UniqueIdentifier>{4FC737F1-C7A5-4376-A066-2A32D752A2FF}</UniqueIdentifier>
      <Extensions>cpp;c;cc;cxx;def;odl;idl;hpj;bat;asm;asmx</Extensions>
    </Filter>
    <Filter Include="Header Files">
      <UniqueIdentifier>{93995380-89BD-4b04-88EB-625FBE52EBFB}</UniqueIdentifier>
      <Extensions>h;hh;hpp;hxx;hm;inl;inc;xsd</Extensions>
    </Filter>
    <Filter Include="Resource Files">
      <UniqueIdentifier>{67DA6AB6-F800-4c08-8B7A-83BB121AAD01}</UniqueIdentifier>
      <Extensions>rc;ico;cur;bmp;dlg;rc2;rct;bin;rgs;gif;jpg;jpeg;jpe;resx;tiff;tif;png;wav;mfcribbon-ms</Extensions>
    </Filter>
    <Filter Include="Common">
      <UniqueIdentifier>{a47b151b-d5a5-49d0-bef0-2e8599878c54}</UniqueIdentifier>
    </Filter>
    <Filter Include="Common\VtListCtrlEx">
      <UniqueIdentifier>{fdd35dbc-3ef2-4990-88e0-fa7d6cb76376}</UniqueIdentifier>
    </Filter>
  </ItemGroup>
  <ItemGroup>
    <ClInclude Include="Test_VtListCtrlEx.h">
      <Filter>Header Files</Filter>
    </ClInclude>
    <ClInclude Include="Test_VtListCtrlExDlg.h">
      <Filter>Header Files</Filter>
    </ClInclude>
    <ClInclude Include="stdafx.h">
      <Filter>Header Files</Filter>
    </ClInclude>
    <ClInclude Include="targetver.h">
      <Filter>Header Files</Filter>
    </ClInclude>
    <ClInclude Include="Resource.h">
      <Filter>Header Files</Filter>
    </ClInclude>
    <ClInclude Include="..\..\Common\RandomText.h">
      <Filter>Common</Filter>
    </ClInclude>
    <ClInclude Include="..\..\Common\Functions.h">
      <Filter>Common</Filter>
    </ClInclude>
    <ClInclude Include="..\..\Common\ResizeCtrl.h">
      <Filter>Common</Filter>
    </ClInclude>
    <ClInclude Include="..\..\Common\MemoryDC.h">
      <Filter>Common</Filter>
    </ClInclude>
    <ClInclude Include="..\..\Common\colors.h">
      <Filter>Common</Filter>
    </ClInclude>
    <ClInclude Include="..\..\Common\CListCtrl\CVtListCtrlEx\VtListCtrlEx.h">
      <Filter>Common\VtListCtrlEx</Filter>
    </ClInclude>
    <ClInclude Include="..\..\Common\CListCtrl\CVtListCtrlEx\list_data.h">
      <Filter>Common\VtListCtrlEx</Filter>
    </ClInclude>
    <ClInclude Include="..\..\Common\CListCtrl\CVtListCtrlEx\HeaderCtrlEx.h">
      <Filter>Common\VtListCtrlEx</Filter>
    </ClInclude>
    <ClInclude Include="..\..\Common\CListCtrl\CVtListCtrlEx\EditCell.h">
      <Filter>Common\VtListCtrlEx</Filter>
    </ClInclude>
    <ClInclude Include="..\..\Common\CStatic\PathCtrl\PathCtrl.h">
      <Filter>Common</Filter>
    </ClInclude>
    <ClInclude Include="..\..\Common\GdiPlusBitmap.h">
      <Filter>Common</Filter>
    </ClInclude>
    <ClInclude Include="..\..\Common\CTreeCtrl\TreeCtrlEx.h">
      <Filter>Common</Filter>
    </ClInclude>
    <ClInclude Include="..\..\Common\system\ShellImageList\ShellImageList.h">
      <Filter>Common</Filter>
    </ClInclude>
    <ClInclude Include="..\..\Common\log\SCLog\SCLog.h">
      <Filter>Common</Filter>
    </ClInclude>
    <ClInclude Include="..\..\Common\CListBox\SCListBox\SCListBox.h">
      <Filter>Common</Filter>
    </ClInclude>
  </ItemGroup>
  <ItemGroup>
    <ClCompile Include="Test_VtListCtrlEx.cpp">
      <Filter>Source Files</Filter>
    </ClCompile>
    <ClCompile Include="Test_VtListCtrlExDlg.cpp">
      <Filter>Source Files</Filter>
    </ClCompile>
    <ClCompile Include="stdafx.cpp">
      <Filter>Source Files</Filter>
    </ClCompile>
    <ClCompile Include="..\..\Common\RandomText.cpp">
      <Filter>Common</Filter>
    </ClCompile>
    <ClCompile Include="..\..\Common\Functions.cpp">
      <Filter>Common</Filter>
    </ClCompile>
    <ClCompile Include="..\..\Common\ResizeCtrl.cpp">
      <Filter>Common</Filter>
    </ClCompile>
    <ClCompile Include="..\..\Common\colors.cpp">
      <Filter>Common</Filter>
    </ClCompile>
    <ClCompile Include="..\..\Common\CListCtrl\CVtListCtrlEx\VtListCtrlEx.cpp">
      <Filter>Common\VtListCtrlEx</Filter>
    </ClCompile>
    <ClCompile Include="..\..\Common\CListCtrl\CVtListCtrlEx\list_data.cpp">
      <Filter>Common\VtListCtrlEx</Filter>
    </ClCompile>
    <ClCompile Include="..\..\Common\CListCtrl\CVtListCtrlEx\HeaderCtrlEx.cpp">
      <Filter>Common\VtListCtrlEx</Filter>
    </ClCompile>
    <ClCompile Include="..\..\Common\CListCtrl\CVtListCtrlEx\EditCell.cpp">
      <Filter>Common\VtListCtrlEx</Filter>
    </ClCompile>
    <ClCompile Include="..\..\Common\CStatic\PathCtrl\PathCtrl.cpp">
      <Filter>Common</Filter>
    </ClCompile>
    <ClCompile Include="..\..\Common\GdiPlusBitmap.cpp">
      <Filter>Common</Filter>
    </ClCompile>
    <ClCompile Include="..\..\Common\CTreeCtrl\TreeCtrlEx.cpp">
      <Filter>Common</Filter>
    </ClCompile>
    <ClCompile Include="..\..\Common\system\ShellImageList\ShellImageList.cpp">
      <Filter>Common</Filter>
    </ClCompile>
    <ClCompile Include="..\..\Common\log\SCLog\SCLog.cpp">
      <Filter>Common</Filter>
    </ClCompile>
    <ClCompile Include="..\..\Common\CListBox\SCListBox\SCListBox.cpp">
      <Filter>Common</Filter>
    </ClCompile>
  </ItemGroup>
  <ItemGroup>
    <ResourceCompile Include="test_vtlistctrlex.rc">
      <Filter>Resource Files</Filter>
    </ResourceCompile>
  </ItemGroup>
  <ItemGroup>
    <None Include="res\test_vtlistctrlex.rc2">
      <Filter>Resource Files</Filter>
    </None>
  </ItemGroup>
  <ItemGroup>
    <Image Include="res\test_vtlistctrlex.ico">
      <Filter>Resource Files</Filter>
    </Image>
    <Image Include="..\..\AnySupport\FileTransfer\File Transfer\nFTDServer\res\Icon\IDP_ICO_DRAG_FILE.png">
      <Filter>Resource Files</Filter>
    </Image>
    <Image Include="res\drag.png">
      <Filter>Resource Files</Filter>
    </Image>
    <Image Include="res\drag folder.png">
      <Filter>Resource Files</Filter>
    </Image>
    <Image Include="res\drag_multi_files.png">
      <Filter>Resource Files</Filter>
    </Image>
    <Image Include="res\drag_one_file.png">
      <Filter>Resource Files</Filter>
    </Image>
  </ItemGroup>
  <ItemGroup>
    <Text Include="Test_VtListCtrlEx_readme.txt">
      <Filter>Source Files</Filter>
    </Text>
  </ItemGroup>
</Project>